
Microsoft Visual Studio Solution File, Format Version 12.00
# Visual Studio Version 16
VisualStudioVersion = 16.0.29009.5
MinimumVisualStudioVersion = 10.0.40219.1
Project("{FAE04EC0-301F-11D3-BF4B-00C04F79EFBC}") = "Game", "SampleCa1\Game.csproj", "{4C18833B-9E87-4296-9362-FE8E2A7422DD}"
EndProject
Global
	GlobalSection(SolutionConfigurationPlatforms) = preSolution
		Debug|Any CPU = Debug|Any CPU
		Release|Any CPU = Release|Any CPU
	EndGlobalSection
	GlobalSection(ProjectConfigurationPlatforms) = postSolution
		{4C18833B-9E87-4296-9362-FE8E2A7422DD}.Debug|Any CPU.ActiveCfg = Debug|Any CPU
		{4C18833B-9E87-4296-9362-FE8E2A7422DD}.Debug|Any CPU.Build.0 = Debug|Any CPU
		{4C18833B-9E87-4296-9362-FE8E2A7422DD}.Release|Any CPU.ActiveCfg = Release|Any CPU
		{4C18833B-9E87-4296-9362-FE8E2A7422DD}.Release|Any CPU.Build.0 = Release|Any CPU
	EndGlobalSection
	GlobalSection(SolutionProperties) = preSolution
		HideSolutionNode = FALSE
	EndGlobalSection
	GlobalSection(ExtensibilityGlobals) = postSolution
		SolutionGuid = {058D45D8-C5E2-4620-B483-EBE258FC5E4D}
	EndGlobalSection
EndGlobal
